// !$*UTF8*$!
{
	archiveVersion = 1;
	classes = {
	};
	objectVersion = 46;
	objects = {

/* Begin PBXBuildFile section */
		8D034CBF1D61637B0002A1F7 /* NSArray+NeuSafe.m in Sources */ = {isa = PBXBuildFile; fileRef = 8D034CBE1D61637B0002A1F7 /* NSArray+NeuSafe.m */; };
		8D034CC21D6166E60002A1F7 /* NSObject+NeuImpChangeTool.m in Sources */ = {isa = PBXBuildFile; fileRef = 8D034CC11D6166E60002A1F7 /* NSObject+NeuImpChangeTool.m */; };
		8D034CC51D616AE70002A1F7 /* NSDictionary+NeuSafe.m in Sources */ = {isa = PBXBuildFile; fileRef = 8D034CC41D616AE70002A1F7 /* NSDictionary+NeuSafe.m */; };
		8D034CC81D618AEE0002A1F7 /* NSMutableArray+NeuSafe.m in Sources */ = {isa = PBXBuildFile; fileRef = 8D034CC71D618AEE0002A1F7 /* NSMutableArray+NeuSafe.m */; };
		8D034CCB1D6197380002A1F7 /* NSMutableDictionary+NeuSafe.m in Sources */ = {isa = PBXBuildFile; fileRef = 8D034CCA1D6197380002A1F7 /* NSMutableDictionary+NeuSafe.m */; };
		8D034CD31D629C630002A1F7 /* Configuration.plist in Resources */ = {isa = PBXBuildFile; fileRef = 8D034CD21D629C630002A1F7 /* Configuration.plist */; };
		8D034CD51D629C740002A1F7 /* Configuration.plist in Resources */ = {isa = PBXBuildFile; fileRef = 8D034CD41D629C740002A1F7 /* Configuration.plist */; };
		8D034CD71D629C7B0002A1F7 /* Configuration.plist in Resources */ = {isa = PBXBuildFile; fileRef = 8D034CD61D629C7B0002A1F7 /* Configuration.plist */; };
		8D034CE11D62A06E0002A1F7 /* Configuration.plist in Resources */ = {isa = PBXBuildFile; fileRef = 8D034CE01D62A06E0002A1F7 /* Configuration.plist */; };
		8D034CE31D62A09A0002A1F7 /* Configuration.plist in Resources */ = {isa = PBXBuildFile; fileRef = 8D034CE21D62A09A0002A1F7 /* Configuration.plist */; };
		8D034CE51D62A0A20002A1F7 /* Configuration.plist in Resources */ = {isa = PBXBuildFile; fileRef = 8D034CE41D62A0A20002A1F7 /* Configuration.plist */; };
		8D034D171D62EBD40002A1F7 /* TransationMainController.m in Sources */ = {isa = PBXBuildFile; fileRef = 8D034D161D62EBD40002A1F7 /* TransationMainController.m */; };
		8D034D1A1D62EC710002A1F7 /* TransationDetailController.m in Sources */ = {isa = PBXBuildFile; fileRef = 8D034D191D62EC710002A1F7 /* TransationDetailController.m */; };
		8D034D1D1D62EEA70002A1F7 /* PresentAnimator.m in Sources */ = {isa = PBXBuildFile; fileRef = 8D034D1C1D62EEA70002A1F7 /* PresentAnimator.m */; };
		8D034D231D62F7F40002A1F7 /* TransitionPresentAnimation.m in Sources */ = {isa = PBXBuildFile; fileRef = 8D034D221D62F7F40002A1F7 /* TransitionPresentAnimation.m */; };
		8D034D261D62F80D0002A1F7 /* TransitionDismissAnimation.m in Sources */ = {isa = PBXBuildFile; fileRef = 8D034D251D62F80D0002A1F7 /* TransitionDismissAnimation.m */; };
		8D67CAE71D597E36001E3BD4 /* main.m in Sources */ = {isa = PBXBuildFile; fileRef = 8D67CAE61D597E36001E3BD4 /* main.m */; };
		8D67CAEA1D597E36001E3BD4 /* AppDelegate.m in Sources */ = {isa = PBXBuildFile; fileRef = 8D67CAE91D597E36001E3BD4 /* AppDelegate.m */; };
		8D67CAF01D597E36001E3BD4 /* Main.storyboard in Resources */ = {isa = PBXBuildFile; fileRef = 8D67CAEE1D597E36001E3BD4 /* Main.storyboard */; };
		8D67CAF21D597E36001E3BD4 /* Assets.xcassets in Resources */ = {isa = PBXBuildFile; fileRef = 8D67CAF11D597E36001E3BD4 /* Assets.xcassets */; };
		8D67CAF51D597E36001E3BD4 /* LaunchScreen.storyboard in Resources */ = {isa = PBXBuildFile; fileRef = 8D67CAF31D597E36001E3BD4 /* LaunchScreen.storyboard */; };
		8D67CB011D597F15001E3BD4 /* MainTableViewController.m in Sources */ = {isa = PBXBuildFile; fileRef = 8D67CB001D597F15001E3BD4 /* MainTableViewController.m */; };
		8D67CB091D599E58001E3BD4 /* HSPopover.m in Sources */ = {isa = PBXBuildFile; fileRef = 8D67CB081D599E58001E3BD4 /* HSPopover.m */; };
		8D67CB0C1D599E88001E3BD4 /* PopoverController.m in Sources */ = {isa = PBXBuildFile; fileRef = 8D67CB0B1D599E88001E3BD4 /* PopoverController.m */; };
		8D67CB121D59A6C7001E3BD4 /* NSString+Util.m in Sources */ = {isa = PBXBuildFile; fileRef = 8D67CB111D59A6C7001E3BD4 /* NSString+Util.m */; };
		8D67CB161D59A8B5001E3BD4 /* CZRequest.m in Sources */ = {isa = PBXBuildFile; fileRef = 8D67CB151D59A8B5001E3BD4 /* CZRequest.m */; };
		8D67CB1C1D59AE4C001E3BD4 /* NBNetworking.m in Sources */ = {isa = PBXBuildFile; fileRef = 8D67CB1B1D59AE4C001E3BD4 /* NBNetworking.m */; };
		8D67CB211D59B675001E3BD4 /* NSArray+Util.m in Sources */ = {isa = PBXBuildFile; fileRef = 8D67CB201D59B675001E3BD4 /* NSArray+Util.m */; };
		8D67CB241D59B683001E3BD4 /* NSDictionary+Util.m in Sources */ = {isa = PBXBuildFile; fileRef = 8D67CB231D59B683001E3BD4 /* NSDictionary+Util.m */; };
		8D67CB271D59B6B4001E3BD4 /* NSObject+Util.m in Sources */ = {isa = PBXBuildFile; fileRef = 8D67CB261D59B6B4001E3BD4 /* NSObject+Util.m */; };
		8D67CB4E1D5AB499001E3BD4 /* HSBookProvider.m in Sources */ = {isa = PBXBuildFile; fileRef = 8D67CB4D1D5AB499001E3BD4 /* HSBookProvider.m */; };
		8D67CB511D5AB4BD001E3BD4 /* HSClothesProvider.m in Sources */ = {isa = PBXBuildFile; fileRef = 8D67CB501D5AB4BD001E3BD4 /* HSClothesProvider.m */; };
		8D67CB541D5AB685001E3BD4 /* HSDealerProxy.m in Sources */ = {isa = PBXBuildFile; fileRef = 8D67CB531D5AB685001E3BD4 /* HSDealerProxy.m */; };
		8D67CB581D5B027B001E3BD4 /* RuntimeController.m in Sources */ = {isa = PBXBuildFile; fileRef = 8D67CB571D5B027B001E3BD4 /* RuntimeController.m */; };
		8D67CB5B1D5B03E9001E3BD4 /* Person.m in Sources */ = {isa = PBXBuildFile; fileRef = 8D67CB5A1D5B03E9001E3BD4 /* Person.m */; };
		8D67CB5E1D5B08EC001E3BD4 /* NSString+runtimeAddProperty.m in Sources */ = {isa = PBXBuildFile; fileRef = 8D67CB5D1D5B08EC001E3BD4 /* NSString+runtimeAddProperty.m */; };
		8D67CB611D5B10DB001E3BD4 /* NSObject+EnAndDecoder.m in Sources */ = {isa = PBXBuildFile; fileRef = 8D67CB601D5B10DB001E3BD4 /* NSObject+EnAndDecoder.m */; };
		8D67CB631D5B1FB9001E3BD4 /* personJSON.geojson in Resources */ = {isa = PBXBuildFile; fileRef = 8D67CB621D5B1FB9001E3BD4 /* personJSON.geojson */; };
		8D67CB671D5C1DD8001E3BD4 /* NewsAppHomeController.m in Sources */ = {isa = PBXBuildFile; fileRef = 8D67CB661D5C1DD8001E3BD4 /* NewsAppHomeController.m */; };
		8D67CB6A1D5C1E37001E3BD4 /* SFSelectionBar.m in Sources */ = {isa = PBXBuildFile; fileRef = 8D67CB691D5C1E37001E3BD4 /* SFSelectionBar.m */; };
		8D67CB701D5C51F1001E3BD4 /* SocietyController.m in Sources */ = {isa = PBXBuildFile; fileRef = 8D67CB6E1D5C51F1001E3BD4 /* SocietyController.m */; };
		8D67CB711D5C51F1001E3BD4 /* SocietyController.xib in Resources */ = {isa = PBXBuildFile; fileRef = 8D67CB6F1D5C51F1001E3BD4 /* SocietyController.xib */; };
		A231A718BCE811C3D869D39E /* libPods.a in Frameworks */ = {isa = PBXBuildFile; fileRef = 59DECC2662C555F12F7CC27E /* libPods.a */; };
/* End PBXBuildFile section */

/* Begin PBXFileReference section */
		027501E5D634C9855A77E4DD /* Pods.debug.xcconfig */ = {isa = PBXFileReference; includeInIndex = 1; lastKnownFileType = text.xcconfig; name = Pods.debug.xcconfig; path = "Pods/Target Support Files/Pods/Pods.debug.xcconfig"; sourceTree = "<group>"; };
		59DECC2662C555F12F7CC27E /* libPods.a */ = {isa = PBXFileReference; explicitFileType = archive.ar; includeInIndex = 0; path = libPods.a; sourceTree = BUILT_PRODUCTS_DIR; };
		8D034CBD1D61637B0002A1F7 /* NSArray+NeuSafe.h */ = {isa = PBXFileReference; fileEncoding = 4; lastKnownFileType = sourcecode.c.h; path = "NSArray+NeuSafe.h"; sourceTree = "<group>"; };
		8D034CBE1D61637B0002A1F7 /* NSArray+NeuSafe.m */ = {isa = PBXFileReference; fileEncoding = 4; lastKnownFileType = sourcecode.c.objc; path = "NSArray+NeuSafe.m"; sourceTree = "<group>"; };
		8D034CC01D6166E60002A1F7 /* NSObject+NeuImpChangeTool.h */ = {isa = PBXFileReference; fileEncoding = 4; lastKnownFileType = sourcecode.c.h; path = "NSObject+NeuImpChangeTool.h"; sourceTree = "<group>"; };
		8D034CC11D6166E60002A1F7 /* NSObject+NeuImpChangeTool.m */ = {isa = PBXFileReference; fileEncoding = 4; lastKnownFileType = sourcecode.c.objc; path = "NSObject+NeuImpChangeTool.m"; sourceTree = "<group>"; };
		8D034CC31D616AE70002A1F7 /* NSDictionary+NeuSafe.h */ = {isa = PBXFileReference; fileEncoding = 4; lastKnownFileType = sourcecode.c.h; path = "NSDictionary+NeuSafe.h"; sourceTree = "<group>"; };
		8D034CC41D616AE70002A1F7 /* NSDictionary+NeuSafe.m */ = {isa = PBXFileReference; fileEncoding = 4; lastKnownFileType = sourcecode.c.objc; path = "NSDictionary+NeuSafe.m"; sourceTree = "<group>"; };
		8D034CC61D618AEE0002A1F7 /* NSMutableArray+NeuSafe.h */ = {isa = PBXFileReference; fileEncoding = 4; lastKnownFileType = sourcecode.c.h; path = "NSMutableArray+NeuSafe.h"; sourceTree = "<group>"; };
		8D034CC71D618AEE0002A1F7 /* NSMutableArray+NeuSafe.m */ = {isa = PBXFileReference; fileEncoding = 4; lastKnownFileType = sourcecode.c.objc; path = "NSMutableArray+NeuSafe.m"; sourceTree = "<group>"; };
		8D034CC91D6197380002A1F7 /* NSMutableDictionary+NeuSafe.h */ = {isa = PBXFileReference; fileEncoding = 4; lastKnownFileType = sourcecode.c.h; path = "NSMutableDictionary+NeuSafe.h"; sourceTree = "<group>"; };
		8D034CCA1D6197380002A1F7 /* NSMutableDictionary+NeuSafe.m */ = {isa = PBXFileReference; fileEncoding = 4; lastKnownFileType = sourcecode.c.objc; path = "NSMutableDictionary+NeuSafe.m"; sourceTree = "<group>"; };
		8D034CD21D629C630002A1F7 /* Configuration.plist */ = {isa = PBXFileReference; fileEncoding = 4; lastKnownFileType = text.plist.xml; name = Configuration.plist; path = /Users/caozhen/Documents/MyGithub/CZCommon/CZCommon/CZCommon/config/Debug/Configuration.plist; sourceTree = "<absolute>"; };
		8D034CD41D629C740002A1F7 /* Configuration.plist */ = {isa = PBXFileReference; fileEncoding = 4; lastKnownFileType = text.plist.xml; name = Configuration.plist; path = /Users/caozhen/Documents/MyGithub/CZCommon/CZCommon/CZCommon/config/Release/Configuration.plist; sourceTree = "<absolute>"; };
		8D034CD61D629C7B0002A1F7 /* Configuration.plist */ = {isa = PBXFileReference; fileEncoding = 4; lastKnownFileType = text.plist.xml; name = Configuration.plist; path = /Users/caozhen/Documents/MyGithub/CZCommon/CZCommon/CZCommon/config/UAT/Configuration.plist; sourceTree = "<absolute>"; };
		8D034CE01D62A06E0002A1F7 /* Configuration.plist */ = {isa = PBXFileReference; fileEncoding = 4; lastKnownFileType = text.plist.xml; path = Configuration.plist; sourceTree = "<group>"; };
		8D034CE21D62A09A0002A1F7 /* Configuration.plist */ = {isa = PBXFileReference; fileEncoding = 4; lastKnownFileType = text.plist.xml; path = Configuration.plist; sourceTree = "<group>"; };
		8D034CE41D62A0A20002A1F7 /* Configuration.plist */ = {isa = PBXFileReference; fileEncoding = 4; lastKnownFileType = text.plist.xml; path = Configuration.plist; sourceTree = "<group>"; };
		8D034D151D62EBD40002A1F7 /* TransationMainController.h */ = {isa = PBXFileReference; fileEncoding = 4; lastKnownFileType = sourcecode.c.h; path = TransationMainController.h; sourceTree = "<group>"; };
		8D034D161D62EBD40002A1F7 /* TransationMainController.m */ = {isa = PBXFileReference; fileEncoding = 4; lastKnownFileType = sourcecode.c.objc; path = TransationMainController.m; sourceTree = "<group>"; };
		8D034D181D62EC710002A1F7 /* TransationDetailController.h */ = {isa = PBXFileReference; fileEncoding = 4; lastKnownFileType = sourcecode.c.h; path = TransationDetailController.h; sourceTree = "<group>"; };
		8D034D191D62EC710002A1F7 /* TransationDetailController.m */ = {isa = PBXFileReference; fileEncoding = 4; lastKnownFileType = sourcecode.c.objc; path = TransationDetailController.m; sourceTree = "<group>"; };
		8D034D1B1D62EEA70002A1F7 /* PresentAnimator.h */ = {isa = PBXFileReference; fileEncoding = 4; lastKnownFileType = sourcecode.c.h; path = PresentAnimator.h; sourceTree = "<group>"; };
		8D034D1C1D62EEA70002A1F7 /* PresentAnimator.m */ = {isa = PBXFileReference; fileEncoding = 4; lastKnownFileType = sourcecode.c.objc; path = PresentAnimator.m; sourceTree = "<group>"; };
		8D034D211D62F7F40002A1F7 /* TransitionPresentAnimation.h */ = {isa = PBXFileReference; fileEncoding = 4; lastKnownFileType = sourcecode.c.h; path = TransitionPresentAnimation.h; sourceTree = "<group>"; };
		8D034D221D62F7F40002A1F7 /* TransitionPresentAnimation.m */ = {isa = PBXFileReference; fileEncoding = 4; lastKnownFileType = sourcecode.c.objc; path = TransitionPresentAnimation.m; sourceTree = "<group>"; };
		8D034D241D62F80D0002A1F7 /* TransitionDismissAnimation.h */ = {isa = PBXFileReference; fileEncoding = 4; lastKnownFileType = sourcecode.c.h; path = TransitionDismissAnimation.h; sourceTree = "<group>"; };
		8D034D251D62F80D0002A1F7 /* TransitionDismissAnimation.m */ = {isa = PBXFileReference; fileEncoding = 4; lastKnownFileType = sourcecode.c.objc; path = TransitionDismissAnimation.m; sourceTree = "<group>"; };
		8D67CAE21D597E36001E3BD4 /* CZCommon.app */ = {isa = PBXFileReference; explicitFileType = wrapper.application; includeInIndex = 0; path = CZCommon.app; sourceTree = BUILT_PRODUCTS_DIR; };
		8D67CAE61D597E36001E3BD4 /* main.m */ = {isa = PBXFileReference; lastKnownFileType = sourcecode.c.objc; path = main.m; sourceTree = "<group>"; };
		8D67CAE81D597E36001E3BD4 /* AppDelegate.h */ = {isa = PBXFileReference; lastKnownFileType = sourcecode.c.h; path = AppDelegate.h; sourceTree = "<group>"; };
		8D67CAE91D597E36001E3BD4 /* AppDelegate.m */ = {isa = PBXFileReference; lastKnownFileType = sourcecode.c.objc; path = AppDelegate.m; sourceTree = "<group>"; };
		8D67CAEF1D597E36001E3BD4 /* Base */ = {isa = PBXFileReference; lastKnownFileType = file.storyboard; name = Base; path = Base.lproj/Main.storyboard; sourceTree = "<group>"; };
		8D67CAF11D597E36001E3BD4 /* Assets.xcassets */ = {isa = PBXFileReference; lastKnownFileType = folder.assetcatalog; path = Assets.xcassets; sourceTree = "<group>"; };
		8D67CAF41D597E36001E3BD4 /* Base */ = {isa = PBXFileReference; lastKnownFileType = file.storyboard; name = Base; path = Base.lproj/LaunchScreen.storyboard; sourceTree = "<group>"; };
		8D67CAF61D597E36001E3BD4 /* Info.plist */ = {isa = PBXFileReference; lastKnownFileType = text.plist.xml; path = Info.plist; sourceTree = "<group>"; };
		8D67CAFF1D597F15001E3BD4 /* MainTableViewController.h */ = {isa = PBXFileReference; fileEncoding = 4; lastKnownFileType = sourcecode.c.h; path = MainTableViewController.h; sourceTree = "<group>"; };
		8D67CB001D597F15001E3BD4 /* MainTableViewController.m */ = {isa = PBXFileReference; fileEncoding = 4; lastKnownFileType = sourcecode.c.objc; path = MainTableViewController.m; sourceTree = "<group>"; };
		8D67CB071D599E58001E3BD4 /* HSPopover.h */ = {isa = PBXFileReference; fileEncoding = 4; lastKnownFileType = sourcecode.c.h; path = HSPopover.h; sourceTree = "<group>"; };
		8D67CB081D599E58001E3BD4 /* HSPopover.m */ = {isa = PBXFileReference; fileEncoding = 4; lastKnownFileType = sourcecode.c.objc; path = HSPopover.m; sourceTree = "<group>"; };
		8D67CB0A1D599E88001E3BD4 /* PopoverController.h */ = {isa = PBXFileReference; fileEncoding = 4; lastKnownFileType = sourcecode.c.h; path = PopoverController.h; sourceTree = "<group>"; };
		8D67CB0B1D599E88001E3BD4 /* PopoverController.m */ = {isa = PBXFileReference; fileEncoding = 4; lastKnownFileType = sourcecode.c.objc; path = PopoverController.m; sourceTree = "<group>"; };
		8D67CB101D59A6C7001E3BD4 /* NSString+Util.h */ = {isa = PBXFileReference; fileEncoding = 4; lastKnownFileType = sourcecode.c.h; path = "NSString+Util.h"; sourceTree = "<group>"; };
		8D67CB111D59A6C7001E3BD4 /* NSString+Util.m */ = {isa = PBXFileReference; fileEncoding = 4; lastKnownFileType = sourcecode.c.objc; path = "NSString+Util.m"; sourceTree = "<group>"; };
		8D67CB141D59A8B5001E3BD4 /* CZRequest.h */ = {isa = PBXFileReference; fileEncoding = 4; lastKnownFileType = sourcecode.c.h; path = CZRequest.h; sourceTree = "<group>"; };
		8D67CB151D59A8B5001E3BD4 /* CZRequest.m */ = {isa = PBXFileReference; fileEncoding = 4; lastKnownFileType = sourcecode.c.objc; path = CZRequest.m; sourceTree = "<group>"; };
		8D67CB1A1D59AE4C001E3BD4 /* NBNetworking.h */ = {isa = PBXFileReference; fileEncoding = 4; lastKnownFileType = sourcecode.c.h; path = NBNetworking.h; sourceTree = "<group>"; };
		8D67CB1B1D59AE4C001E3BD4 /* NBNetworking.m */ = {isa = PBXFileReference; fileEncoding = 4; lastKnownFileType = sourcecode.c.objc; path = NBNetworking.m; sourceTree = "<group>"; };
		8D67CB1E1D59B28C001E3BD4 /* CZCommonMacro.h */ = {isa = PBXFileReference; fileEncoding = 4; lastKnownFileType = sourcecode.c.h; path = CZCommonMacro.h; sourceTree = "<group>"; };
		8D67CB1F1D59B675001E3BD4 /* NSArray+Util.h */ = {isa = PBXFileReference; fileEncoding = 4; lastKnownFileType = sourcecode.c.h; path = "NSArray+Util.h"; sourceTree = "<group>"; };
		8D67CB201D59B675001E3BD4 /* NSArray+Util.m */ = {isa = PBXFileReference; fileEncoding = 4; lastKnownFileType = sourcecode.c.objc; path = "NSArray+Util.m"; sourceTree = "<group>"; };
		8D67CB221D59B683001E3BD4 /* NSDictionary+Util.h */ = {isa = PBXFileReference; fileEncoding = 4; lastKnownFileType = sourcecode.c.h; path = "NSDictionary+Util.h"; sourceTree = "<group>"; };
		8D67CB231D59B683001E3BD4 /* NSDictionary+Util.m */ = {isa = PBXFileReference; fileEncoding = 4; lastKnownFileType = sourcecode.c.objc; path = "NSDictionary+Util.m"; sourceTree = "<group>"; };
		8D67CB251D59B6B4001E3BD4 /* NSObject+Util.h */ = {isa = PBXFileReference; fileEncoding = 4; lastKnownFileType = sourcecode.c.h; path = "NSObject+Util.h"; sourceTree = "<group>"; };
		8D67CB261D59B6B4001E3BD4 /* NSObject+Util.m */ = {isa = PBXFileReference; fileEncoding = 4; lastKnownFileType = sourcecode.c.objc; path = "NSObject+Util.m"; sourceTree = "<group>"; };
		8D67CB4C1D5AB499001E3BD4 /* HSBookProvider.h */ = {isa = PBXFileReference; fileEncoding = 4; lastKnownFileType = sourcecode.c.h; path = HSBookProvider.h; sourceTree = "<group>"; };
		8D67CB4D1D5AB499001E3BD4 /* HSBookProvider.m */ = {isa = PBXFileReference; fileEncoding = 4; lastKnownFileType = sourcecode.c.objc; path = HSBookProvider.m; sourceTree = "<group>"; };
		8D67CB4F1D5AB4BD001E3BD4 /* HSClothesProvider.h */ = {isa = PBXFileReference; fileEncoding = 4; lastKnownFileType = sourcecode.c.h; path = HSClothesProvider.h; sourceTree = "<group>"; };
		8D67CB501D5AB4BD001E3BD4 /* HSClothesProvider.m */ = {isa = PBXFileReference; fileEncoding = 4; lastKnownFileType = sourcecode.c.objc; path = HSClothesProvider.m; sourceTree = "<group>"; };
		8D67CB521D5AB685001E3BD4 /* HSDealerProxy.h */ = {isa = PBXFileReference; fileEncoding = 4; lastKnownFileType = sourcecode.c.h; path = HSDealerProxy.h; sourceTree = "<group>"; };
		8D67CB531D5AB685001E3BD4 /* HSDealerProxy.m */ = {isa = PBXFileReference; fileEncoding = 4; lastKnownFileType = sourcecode.c.objc; path = HSDealerProxy.m; sourceTree = "<group>"; };
		8D67CB561D5B027B001E3BD4 /* RuntimeController.h */ = {isa = PBXFileReference; fileEncoding = 4; lastKnownFileType = sourcecode.c.h; path = RuntimeController.h; sourceTree = "<group>"; };
		8D67CB571D5B027B001E3BD4 /* RuntimeController.m */ = {isa = PBXFileReference; fileEncoding = 4; lastKnownFileType = sourcecode.c.objc; path = RuntimeController.m; sourceTree = "<group>"; };
		8D67CB591D5B03E9001E3BD4 /* Person.h */ = {isa = PBXFileReference; fileEncoding = 4; lastKnownFileType = sourcecode.c.h; path = Person.h; sourceTree = "<group>"; };
		8D67CB5A1D5B03E9001E3BD4 /* Person.m */ = {isa = PBXFileReference; fileEncoding = 4; lastKnownFileType = sourcecode.c.objc; path = Person.m; sourceTree = "<group>"; };
		8D67CB5C1D5B08EC001E3BD4 /* NSString+runtimeAddProperty.h */ = {isa = PBXFileReference; fileEncoding = 4; lastKnownFileType = sourcecode.c.h; path = "NSString+runtimeAddProperty.h"; sourceTree = "<group>"; };
		8D67CB5D1D5B08EC001E3BD4 /* NSString+runtimeAddProperty.m */ = {isa = PBXFileReference; fileEncoding = 4; lastKnownFileType = sourcecode.c.objc; path = "NSString+runtimeAddProperty.m"; sourceTree = "<group>"; };
		8D67CB5F1D5B10DB001E3BD4 /* NSObject+EnAndDecoder.h */ = {isa = PBXFileReference; fileEncoding = 4; lastKnownFileType = sourcecode.c.h; path = "NSObject+EnAndDecoder.h"; sourceTree = "<group>"; };
		8D67CB601D5B10DB001E3BD4 /* NSObject+EnAndDecoder.m */ = {isa = PBXFileReference; fileEncoding = 4; lastKnownFileType = sourcecode.c.objc; path = "NSObject+EnAndDecoder.m"; sourceTree = "<group>"; };
		8D67CB621D5B1FB9001E3BD4 /* personJSON.geojson */ = {isa = PBXFileReference; fileEncoding = 4; lastKnownFileType = text; path = personJSON.geojson; sourceTree = "<group>"; };
		8D67CB651D5C1DD8001E3BD4 /* NewsAppHomeController.h */ = {isa = PBXFileReference; fileEncoding = 4; lastKnownFileType = sourcecode.c.h; path = NewsAppHomeController.h; sourceTree = "<group>"; };
		8D67CB661D5C1DD8001E3BD4 /* NewsAppHomeController.m */ = {isa = PBXFileReference; fileEncoding = 4; lastKnownFileType = sourcecode.c.objc; path = NewsAppHomeController.m; sourceTree = "<group>"; };
		8D67CB681D5C1E37001E3BD4 /* SFSelectionBar.h */ = {isa = PBXFileReference; fileEncoding = 4; lastKnownFileType = sourcecode.c.h; path = SFSelectionBar.h; sourceTree = "<group>"; };
		8D67CB691D5C1E37001E3BD4 /* SFSelectionBar.m */ = {isa = PBXFileReference; fileEncoding = 4; lastKnownFileType = sourcecode.c.objc; path = SFSelectionBar.m; sourceTree = "<group>"; };
		8D67CB6B1D5C1F17001E3BD4 /* CZCommonPrefixHeader.pch */ = {isa = PBXFileReference; fileEncoding = 4; lastKnownFileType = sourcecode.c.h; path = CZCommonPrefixHeader.pch; sourceTree = "<group>"; };
		8D67CB6D1D5C51F1001E3BD4 /* SocietyController.h */ = {isa = PBXFileReference; fileEncoding = 4; lastKnownFileType = sourcecode.c.h; path = SocietyController.h; sourceTree = "<group>"; };
		8D67CB6E1D5C51F1001E3BD4 /* SocietyController.m */ = {isa = PBXFileReference; fileEncoding = 4; lastKnownFileType = sourcecode.c.objc; path = SocietyController.m; sourceTree = "<group>"; };
		8D67CB6F1D5C51F1001E3BD4 /* SocietyController.xib */ = {isa = PBXFileReference; fileEncoding = 4; lastKnownFileType = file.xib; path = SocietyController.xib; sourceTree = "<group>"; };
		FE0714667C046152A07A96C1 /* Pods.release.xcconfig */ = {isa = PBXFileReference; includeInIndex = 1; lastKnownFileType = text.xcconfig; name = Pods.release.xcconfig; path = "Pods/Target Support Files/Pods/Pods.release.xcconfig"; sourceTree = "<group>"; };
/* End PBXFileReference section */

/* Begin PBXFrameworksBuildPhase section */
		8D67CADF1D597E36001E3BD4 /* Frameworks */ = {
			isa = PBXFrameworksBuildPhase;
			buildActionMask = 2147483647;
			files = (
				A231A718BCE811C3D869D39E /* libPods.a in Frameworks */,
			);
			runOnlyForDeploymentPostprocessing = 0;
		};
/* End PBXFrameworksBuildPhase section */

/* Begin PBXGroup section */
		27A744D0A2DDAD72F83F85AA /* Pods */ = {
			isa = PBXGroup;
			children = (
				027501E5D634C9855A77E4DD /* Pods.debug.xcconfig */,
				FE0714667C046152A07A96C1 /* Pods.release.xcconfig */,
			);
			name = Pods;
			sourceTree = "<group>";
		};
		8D034CAC1D61629A0002A1F7 /* SafeTools */ = {
			isa = PBXGroup;
			children = (
				8D034CBD1D61637B0002A1F7 /* NSArray+NeuSafe.h */,
				8D034CBE1D61637B0002A1F7 /* NSArray+NeuSafe.m */,
				8D034CC61D618AEE0002A1F7 /* NSMutableArray+NeuSafe.h */,
				8D034CC71D618AEE0002A1F7 /* NSMutableArray+NeuSafe.m */,
				8D034CC31D616AE70002A1F7 /* NSDictionary+NeuSafe.h */,
				8D034CC41D616AE70002A1F7 /* NSDictionary+NeuSafe.m */,
				8D034CC91D6197380002A1F7 /* NSMutableDictionary+NeuSafe.h */,
				8D034CCA1D6197380002A1F7 /* NSMutableDictionary+NeuSafe.m */,
				8D034CC01D6166E60002A1F7 /* NSObject+NeuImpChangeTool.h */,
				8D034CC11D6166E60002A1F7 /* NSObject+NeuImpChangeTool.m */,
			);
			path = SafeTools;
			sourceTree = "<group>";
		};
		8D034CDC1D62A05D0002A1F7 /* config */ = {
			isa = PBXGroup;
			children = (
				8D034CDD1D62A05D0002A1F7 /* Debug */,
				8D034CDE1D62A05D0002A1F7 /* Release */,
				8D034CDF1D62A05D0002A1F7 /* UAT */,
			);
			path = config;
			sourceTree = "<group>";
		};
		8D034CDD1D62A05D0002A1F7 /* Debug */ = {
			isa = PBXGroup;
			children = (
				8D034CE01D62A06E0002A1F7 /* Configuration.plist */,
			);
			path = Debug;
			sourceTree = "<group>";
		};
		8D034CDE1D62A05D0002A1F7 /* Release */ = {
			isa = PBXGroup;
			children = (
				8D034CE21D62A09A0002A1F7 /* Configuration.plist */,
			);
			path = Release;
			sourceTree = "<group>";
		};
		8D034CDF1D62A05D0002A1F7 /* UAT */ = {
			isa = PBXGroup;
			children = (
				8D034CE41D62A0A20002A1F7 /* Configuration.plist */,
			);
			path = UAT;
			sourceTree = "<group>";
		};
		8D034D131D62EB300002A1F7 /* transationAnimation */ = {
			isa = PBXGroup;
			children = (
				8D034D151D62EBD40002A1F7 /* TransationMainController.h */,
				8D034D161D62EBD40002A1F7 /* TransationMainController.m */,
				8D034D181D62EC710002A1F7 /* TransationDetailController.h */,
				8D034D191D62EC710002A1F7 /* TransationDetailController.m */,
			);
			path = transationAnimation;
			sourceTree = "<group>";
		};
		8D034D141D62EB640002A1F7 /* transationAnimation */ = {
			isa = PBXGroup;
			children = (
				8D034D1B1D62EEA70002A1F7 /* PresentAnimator.h */,
				8D034D1C1D62EEA70002A1F7 /* PresentAnimator.m */,
				8D034D211D62F7F40002A1F7 /* TransitionPresentAnimation.h */,
				8D034D221D62F7F40002A1F7 /* TransitionPresentAnimation.m */,
				8D034D241D62F80D0002A1F7 /* TransitionDismissAnimation.h */,
				8D034D251D62F80D0002A1F7 /* TransitionDismissAnimation.m */,
			);
			path = transationAnimation;
			sourceTree = "<group>";
		};
		8D67CAD91D597E36001E3BD4 = {
			isa = PBXGroup;
			children = (
				8D67CAE41D597E36001E3BD4 /* CZCommon */,
				8D67CAE31D597E36001E3BD4 /* Products */,
				27A744D0A2DDAD72F83F85AA /* Pods */,
				F260DEB3895D5ECCB481B884 /* Frameworks */,
			);
			sourceTree = "<group>";
		};
		8D67CAE31D597E36001E3BD4 /* Products */ = {
			isa = PBXGroup;
			children = (
				8D67CAE21D597E36001E3BD4 /* CZCommon.app */,
			);
			name = Products;
			sourceTree = "<group>";
		};
		8D67CAE41D597E36001E3BD4 /* CZCommon */ = {
			isa = PBXGroup;
			children = (
				8D67CB0E1D59A66C001E3BD4 /* common */,
				8D67CB051D599E17001E3BD4 /* vcs */,
				8D67CAE81D597E36001E3BD4 /* AppDelegate.h */,
				8D67CAE91D597E36001E3BD4 /* AppDelegate.m */,
				8D67CAFF1D597F15001E3BD4 /* MainTableViewController.h */,
				8D67CB001D597F15001E3BD4 /* MainTableViewController.m */,
				8D67CB041D599E07001E3BD4 /* modules */,
				8D67CAEE1D597E36001E3BD4 /* Main.storyboard */,
				8D67CAF11D597E36001E3BD4 /* Assets.xcassets */,
				8D67CAF31D597E36001E3BD4 /* LaunchScreen.storyboard */,
				8D67CB6B1D5C1F17001E3BD4 /* CZCommonPrefixHeader.pch */,
				8D67CAF61D597E36001E3BD4 /* Info.plist */,
				8D67CAE51D597E36001E3BD4 /* Supporting Files */,
			);
			path = CZCommon;
			sourceTree = "<group>";
		};
		8D67CAE51D597E36001E3BD4 /* Supporting Files */ = {
			isa = PBXGroup;
			children = (
				8D034CDC1D62A05D0002A1F7 /* config */,
				8D67CAE61D597E36001E3BD4 /* main.m */,
			);
			name = "Supporting Files";
			sourceTree = "<group>";
		};
		8D67CB041D599E07001E3BD4 /* modules */ = {
			isa = PBXGroup;
			children = (
				8D034D141D62EB640002A1F7 /* transationAnimation */,
				8D034CAC1D61629A0002A1F7 /* SafeTools */,
				8D67CB641D5C1DAF001E3BD4 /* NewsAppHomePage */,
				8D67CB551D5AFF77001E3BD4 /* Runtime */,
				8D67CB4B1D5AB469001E3BD4 /* NSProxy */,
				8D67CB061D599E45001E3BD4 /* popover */,
			);
			name = modules;
			path = views;
			sourceTree = "<group>";
		};
		8D67CB051D599E17001E3BD4 /* vcs */ = {
			isa = PBXGroup;
			children = (
				8D034D131D62EB300002A1F7 /* transationAnimation */,
				8D67CB0A1D599E88001E3BD4 /* PopoverController.h */,
				8D67CB0B1D599E88001E3BD4 /* PopoverController.m */,
				8D67CB561D5B027B001E3BD4 /* RuntimeController.h */,
				8D67CB571D5B027B001E3BD4 /* RuntimeController.m */,
				8D67CB651D5C1DD8001E3BD4 /* NewsAppHomeController.h */,
				8D67CB661D5C1DD8001E3BD4 /* NewsAppHomeController.m */,
				8D67CB6C1D5C50A9001E3BD4 /* NewsAppHomeSubviews */,
			);
			path = vcs;
			sourceTree = "<group>";
		};
		8D67CB061D599E45001E3BD4 /* popover */ = {
			isa = PBXGroup;
			children = (
				8D67CB071D599E58001E3BD4 /* HSPopover.h */,
				8D67CB081D599E58001E3BD4 /* HSPopover.m */,
			);
			name = popover;
			sourceTree = "<group>";
		};
		8D67CB0E1D59A66C001E3BD4 /* common */ = {
			isa = PBXGroup;
			children = (
				8D67CB1D1D59B26C001E3BD4 /* macros */,
				8D67CB131D59A893001E3BD4 /* network */,
				8D67CB0F1D59A682001E3BD4 /* category */,
			);
			path = common;
			sourceTree = "<group>";
		};
		8D67CB0F1D59A682001E3BD4 /* category */ = {
			isa = PBXGroup;
			children = (
				8D67CB101D59A6C7001E3BD4 /* NSString+Util.h */,
				8D67CB111D59A6C7001E3BD4 /* NSString+Util.m */,
				8D67CB1F1D59B675001E3BD4 /* NSArray+Util.h */,
				8D67CB201D59B675001E3BD4 /* NSArray+Util.m */,
				8D67CB221D59B683001E3BD4 /* NSDictionary+Util.h */,
				8D67CB231D59B683001E3BD4 /* NSDictionary+Util.m */,
				8D67CB251D59B6B4001E3BD4 /* NSObject+Util.h */,
				8D67CB261D59B6B4001E3BD4 /* NSObject+Util.m */,
			);
			name = category;
			sourceTree = "<group>";
		};
		8D67CB131D59A893001E3BD4 /* network */ = {
			isa = PBXGroup;
			children = (
				8D67CB141D59A8B5001E3BD4 /* CZRequest.h */,
				8D67CB151D59A8B5001E3BD4 /* CZRequest.m */,
				8D67CB1A1D59AE4C001E3BD4 /* NBNetworking.h */,
				8D67CB1B1D59AE4C001E3BD4 /* NBNetworking.m */,
			);
			path = network;
			sourceTree = "<group>";
		};
		8D67CB1D1D59B26C001E3BD4 /* macros */ = {
			isa = PBXGroup;
			children = (
				8D67CB1E1D59B28C001E3BD4 /* CZCommonMacro.h */,
			);
			path = macros;
			sourceTree = "<group>";
		};
		8D67CB4B1D5AB469001E3BD4 /* NSProxy */ = {
			isa = PBXGroup;
			children = (
				8D67CB4C1D5AB499001E3BD4 /* HSBookProvider.h */,
				8D67CB4D1D5AB499001E3BD4 /* HSBookProvider.m */,
				8D67CB4F1D5AB4BD001E3BD4 /* HSClothesProvider.h */,
				8D67CB501D5AB4BD001E3BD4 /* HSClothesProvider.m */,
				8D67CB521D5AB685001E3BD4 /* HSDealerProxy.h */,
				8D67CB531D5AB685001E3BD4 /* HSDealerProxy.m */,
			);
			path = NSProxy;
			sourceTree = "<group>";
		};
		8D67CB551D5AFF77001E3BD4 /* Runtime */ = {
			isa = PBXGroup;
			children = (
				8D67CB591D5B03E9001E3BD4 /* Person.h */,
				8D67CB5A1D5B03E9001E3BD4 /* Person.m */,
				8D67CB621D5B1FB9001E3BD4 /* personJSON.geojson */,
				8D67CB5C1D5B08EC001E3BD4 /* NSString+runtimeAddProperty.h */,
				8D67CB5D1D5B08EC001E3BD4 /* NSString+runtimeAddProperty.m */,
				8D67CB5F1D5B10DB001E3BD4 /* NSObject+EnAndDecoder.h */,
				8D67CB601D5B10DB001E3BD4 /* NSObject+EnAndDecoder.m */,
			);
			path = Runtime;
			sourceTree = "<group>";
		};
		8D67CB641D5C1DAF001E3BD4 /* NewsAppHomePage */ = {
			isa = PBXGroup;
			children = (
				8D67CB681D5C1E37001E3BD4 /* SFSelectionBar.h */,
				8D67CB691D5C1E37001E3BD4 /* SFSelectionBar.m */,
			);
			path = NewsAppHomePage;
			sourceTree = "<group>";
		};
		8D67CB6C1D5C50A9001E3BD4 /* NewsAppHomeSubviews */ = {
			isa = PBXGroup;
			children = (
				8D67CB6D1D5C51F1001E3BD4 /* SocietyController.h */,
				8D67CB6E1D5C51F1001E3BD4 /* SocietyController.m */,
				8D67CB6F1D5C51F1001E3BD4 /* SocietyController.xib */,
			);
			name = NewsAppHomeSubviews;
			sourceTree = "<group>";
		};
		F260DEB3895D5ECCB481B884 /* Frameworks */ = {
			isa = PBXGroup;
			children = (
				59DECC2662C555F12F7CC27E /* libPods.a */,
			);
			name = Frameworks;
			sourceTree = "<group>";
		};
/* End PBXGroup section */

/* Begin PBXNativeTarget section */
		8D67CAE11D597E36001E3BD4 /* CZCommon */ = {
			isa = PBXNativeTarget;
			buildConfigurationList = 8D67CAF91D597E36001E3BD4 /* Build configuration list for PBXNativeTarget "CZCommon" */;
			buildPhases = (
				C2AA804039A7407A3D22B7FF /* Check Pods Manifest.lock */,
				8D67CADE1D597E36001E3BD4 /* Sources */,
				8D67CADF1D597E36001E3BD4 /* Frameworks */,
				8D67CAE01D597E36001E3BD4 /* Resources */,
				4C4A02215F470D608A6B26F7 /* Embed Pods Frameworks */,
				2ECFB6AE91E88D55CA88CF00 /* Copy Pods Resources */,
			);
			buildRules = (
			);
			dependencies = (
			);
			name = CZCommon;
			productName = CZCommon;
			productReference = 8D67CAE21D597E36001E3BD4 /* CZCommon.app */;
			productType = "com.apple.product-type.application";
		};
/* End PBXNativeTarget section */

/* Begin PBXProject section */
		8D67CADA1D597E36001E3BD4 /* Project object */ = {
			isa = PBXProject;
			attributes = {
				LastUpgradeCheck = 0730;
				ORGANIZATIONNAME = Neusoft;
				TargetAttributes = {
					8D67CAE11D597E36001E3BD4 = {
						CreatedOnToolsVersion = 7.3;
					};
				};
			};
			buildConfigurationList = 8D67CADD1D597E36001E3BD4 /* Build configuration list for PBXProject "CZCommon" */;
			compatibilityVersion = "Xcode 3.2";
			developmentRegion = English;
			hasScannedForEncodings = 0;
			knownRegions = (
				en,
				Base,
			);
			mainGroup = 8D67CAD91D597E36001E3BD4;
			productRefGroup = 8D67CAE31D597E36001E3BD4 /* Products */;
			projectDirPath = "";
			projectRoot = "";
			targets = (
				8D67CAE11D597E36001E3BD4 /* CZCommon */,
			);
		};
/* End PBXProject section */

/* Begin PBXResourcesBuildPhase section */
		8D67CAE01D597E36001E3BD4 /* Resources */ = {
			isa = PBXResourcesBuildPhase;
			buildActionMask = 2147483647;
			files = (
				8D67CAF51D597E36001E3BD4 /* LaunchScreen.storyboard in Resources */,
				8D034CE31D62A09A0002A1F7 /* Configuration.plist in Resources */,
				8D67CB711D5C51F1001E3BD4 /* SocietyController.xib in Resources */,
				8D034CE51D62A0A20002A1F7 /* Configuration.plist in Resources */,
				8D034CD51D629C740002A1F7 /* Configuration.plist in Resources */,
				8D67CAF21D597E36001E3BD4 /* Assets.xcassets in Resources */,
				8D034CD31D629C630002A1F7 /* Configuration.plist in Resources */,
				8D034CD71D629C7B0002A1F7 /* Configuration.plist in Resources */,
				8D034CE11D62A06E0002A1F7 /* Configuration.plist in Resources */,
				8D67CB631D5B1FB9001E3BD4 /* personJSON.geojson in Resources */,
				8D67CAF01D597E36001E3BD4 /* Main.storyboard in Resources */,
			);
			runOnlyForDeploymentPostprocessing = 0;
		};
/* End PBXResourcesBuildPhase section */

/* Begin PBXShellScriptBuildPhase section */
		2ECFB6AE91E88D55CA88CF00 /* Copy Pods Resources */ = {
			isa = PBXShellScriptBuildPhase;
			buildActionMask = 2147483647;
			files = (
			);
			inputPaths = (
			);
			name = "Copy Pods Resources";
			outputPaths = (
			);
			runOnlyForDeploymentPostprocessing = 0;
			shellPath = /bin/sh;
			shellScript = "\"${SRCROOT}/Pods/Target Support Files/Pods/Pods-resources.sh\"\n";
			showEnvVarsInLog = 0;
		};
		4C4A02215F470D608A6B26F7 /* Embed Pods Frameworks */ = {
			isa = PBXShellScriptBuildPhase;
			buildActionMask = 2147483647;
			files = (
			);
			inputPaths = (
			);
			name = "Embed Pods Frameworks";
			outputPaths = (
			);
			runOnlyForDeploymentPostprocessing = 0;
			shellPath = /bin/sh;
			shellScript = "\"${SRCROOT}/Pods/Target Support Files/Pods/Pods-frameworks.sh\"\n";
			showEnvVarsInLog = 0;
		};
		C2AA804039A7407A3D22B7FF /* Check Pods Manifest.lock */ = {
			isa = PBXShellScriptBuildPhase;
			buildActionMask = 2147483647;
			files = (
			);
			inputPaths = (
			);
			name = "Check Pods Manifest.lock";
			outputPaths = (
			);
			runOnlyForDeploymentPostprocessing = 0;
			shellPath = /bin/sh;
			shellScript = "diff \"${PODS_ROOT}/../Podfile.lock\" \"${PODS_ROOT}/Manifest.lock\" > /dev/null\nif [[ $? != 0 ]] ; then\n    cat << EOM\nerror: The sandbox is not in sync with the Podfile.lock. Run 'pod install' or update your CocoaPods installation.\nEOM\n    exit 1\nfi\n";
			showEnvVarsInLog = 0;
		};
/* End PBXShellScriptBuildPhase section */

/* Begin PBXSourcesBuildPhase section */
		8D67CADE1D597E36001E3BD4 /* Sources */ = {
			isa = PBXSourcesBuildPhase;
			buildActionMask = 2147483647;
			files = (
				8D67CB091D599E58001E3BD4 /* HSPopover.m in Sources */,
				8D034D1A1D62EC710002A1F7 /* TransationDetailController.m in Sources */,
				8D67CB611D5B10DB001E3BD4 /* NSObject+EnAndDecoder.m in Sources */,
				8D034D1D1D62EEA70002A1F7 /* PresentAnimator.m in Sources */,
				8D67CB1C1D59AE4C001E3BD4 /* NBNetworking.m in Sources */,
				8D034CC81D618AEE0002A1F7 /* NSMutableArray+NeuSafe.m in Sources */,
				8D67CB211D59B675001E3BD4 /* NSArray+Util.m in Sources */,
				8D67CB511D5AB4BD001E3BD4 /* HSClothesProvider.m in Sources */,
				8D67CB161D59A8B5001E3BD4 /* CZRequest.m in Sources */,
				8D67CB4E1D5AB499001E3BD4 /* HSBookProvider.m in Sources */,
				8D034CC21D6166E60002A1F7 /* NSObject+NeuImpChangeTool.m in Sources */,
				8D67CB541D5AB685001E3BD4 /* HSDealerProxy.m in Sources */,
				8D67CB121D59A6C7001E3BD4 /* NSString+Util.m in Sources */,
				8D67CAEA1D597E36001E3BD4 /* AppDelegate.m in Sources */,
				8D034CCB1D6197380002A1F7 /* NSMutableDictionary+NeuSafe.m in Sources */,
				8D67CB0C1D599E88001E3BD4 /* PopoverController.m in Sources */,
				8D67CB5E1D5B08EC001E3BD4 /* NSString+runtimeAddProperty.m in Sources */,
				8D034D231D62F7F40002A1F7 /* TransitionPresentAnimation.m in Sources */,
				8D67CB5B1D5B03E9001E3BD4 /* Person.m in Sources */,
				8D034CC51D616AE70002A1F7 /* NSDictionary+NeuSafe.m in Sources */,
				8D67CB271D59B6B4001E3BD4 /* NSObject+Util.m in Sources */,
				8D67CB581D5B027B001E3BD4 /* RuntimeController.m in Sources */,
				8D67CB671D5C1DD8001E3BD4 /* NewsAppHomeController.m in Sources */,
				8D67CAE71D597E36001E3BD4 /* main.m in Sources */,
				8D034CBF1D61637B0002A1F7 /* NSArray+NeuSafe.m in Sources */,
				8D67CB241D59B683001E3BD4 /* NSDictionary+Util.m in Sources */,
				8D67CB701D5C51F1001E3BD4 /* SocietyController.m in Sources */,
				8D034D171D62EBD40002A1F7 /* TransationMainController.m in Sources */,
				8D67CB011D597F15001E3BD4 /* MainTableViewController.m in Sources */,
				8D034D261D62F80D0002A1F7 /* TransitionDismissAnimation.m in Sources */,
				8D67CB6A1D5C1E37001E3BD4 /* SFSelectionBar.m in Sources */,
			);
			runOnlyForDeploymentPostprocessing = 0;
		};
/* End PBXSourcesBuildPhase section */

/* Begin PBXVariantGroup section */
		8D67CAEE1D597E36001E3BD4 /* Main.storyboard */ = {
			isa = PBXVariantGroup;
			children = (
				8D67CAEF1D597E36001E3BD4 /* Base */,
			);
			name = Main.storyboard;
			sourceTree = "<group>";
		};
		8D67CAF31D597E36001E3BD4 /* LaunchScreen.storyboard */ = {
			isa = PBXVariantGroup;
			children = (
				8D67CAF41D597E36001E3BD4 /* Base */,
			);
			name = LaunchScreen.storyboard;
			sourceTree = "<group>";
		};
/* End PBXVariantGroup section */

/* Begin XCBuildConfiguration section */
		8D034CCC1D6294FD0002A1F7 /* UAT */ = {
			isa = XCBuildConfiguration;
			buildSettings = {
				ALWAYS_SEARCH_USER_PATHS = NO;
				ASSETCATALOG_COMPILER_APPICON_NAME = AppIconUAT;
				CLANG_ANALYZER_NONNULL = YES;
				CLANG_CXX_LANGUAGE_STANDARD = "gnu++0x";
				CLANG_CXX_LIBRARY = "libc++";
				CLANG_ENABLE_MODULES = YES;
				CLANG_ENABLE_OBJC_ARC = YES;
				CLANG_WARN_BOOL_CONVERSION = YES;
				CLANG_WARN_CONSTANT_CONVERSION = YES;
				CLANG_WARN_DIRECT_OBJC_ISA_USAGE = YES_ERROR;
				CLANG_WARN_EMPTY_BODY = YES;
				CLANG_WARN_ENUM_CONVERSION = YES;
				CLANG_WARN_INT_CONVERSION = YES;
				CLANG_WARN_OBJC_ROOT_CLASS = YES_ERROR;
				CLANG_WARN_UNREACHABLE_CODE = YES;
				CLANG_WARN__DUPLICATE_METHOD_MATCH = YES;
				"CODE_SIGN_IDENTITY[sdk=iphoneos*]" = "iPhone Developer";
				COPY_PHASE_STRIP = NO;
				CustomAppBundleId = com.neusoft.czdomain.uat;
				CustomProductName = "用户验收版";
				DEBUG_INFORMATION_FORMAT = dwarf;
				ENABLE_STRICT_OBJC_MSGSEND = YES;
				ENABLE_TESTABILITY = YES;
				GCC_C_LANGUAGE_STANDARD = gnu99;
				GCC_DYNAMIC_NO_PIC = NO;
				GCC_NO_COMMON_BLOCKS = YES;
				GCC_OPTIMIZATION_LEVEL = 0;
				GCC_PREPROCESSOR_DEFINITIONS = (
					"UAT=1",
					"$(inherited)",
				);
				GCC_WARN_64_TO_32_BIT_CONVERSION = YES;
				GCC_WARN_ABOUT_RETURN_TYPE = YES_ERROR;
				GCC_WARN_UNDECLARED_SELECTOR = YES;
				GCC_WARN_UNINITIALIZED_AUTOS = YES_AGGRESSIVE;
				GCC_WARN_UNUSED_FUNCTION = YES;
				GCC_WARN_UNUSED_VARIABLE = YES;
				IPHONEOS_DEPLOYMENT_TARGET = 9.3;
				MTL_ENABLE_DEBUG_INFO = YES;
				ONLY_ACTIVE_ARCH = YES;
				PRODUCT_BUNDLE_IDENTIFIER = com.neusoft.czdomain.uat;
				SDKROOT = iphoneos;
			};
			name = UAT;
		};
		8D034CCD1D6294FD0002A1F7 /* UAT */ = {
			isa = XCBuildConfiguration;
			baseConfigurationReference = 027501E5D634C9855A77E4DD /* Pods.debug.xcconfig */;
			buildSettings = {
				ASSETCATALOG_COMPILER_APPICON_NAME = AppIcon;
				GCC_PRECOMPILE_PREFIX_HEADER = YES;
				GCC_PREFIX_HEADER = "$(SRCROOT)/CZCommon/CZCommonPrefixHeader.pch";
				INFOPLIST_FILE = CZCommon/Info.plist;
				LD_RUNPATH_SEARCH_PATHS = "$(inherited) @executable_path/Frameworks";
				PRODUCT_BUNDLE_IDENTIFIER = com.neusoft.CZCommon;
				PRODUCT_NAME = "$(TARGET_NAME)";
			};
			name = UAT;
		};
		8D67CAF71D597E36001E3BD4 /* Debug */ = {
			isa = XCBuildConfiguration;
			buildSettings = {
				ALWAYS_SEARCH_USER_PATHS = NO;
				ASSETCATALOG_COMPILER_APPICON_NAME = AppIconDebug;
				CLANG_ANALYZER_NONNULL = YES;
				CLANG_CXX_LANGUAGE_STANDARD = "gnu++0x";
				CLANG_CXX_LIBRARY = "libc++";
				CLANG_ENABLE_MODULES = YES;
				CLANG_ENABLE_OBJC_ARC = YES;
				CLANG_WARN_BOOL_CONVERSION = YES;
				CLANG_WARN_CONSTANT_CONVERSION = YES;
				CLANG_WARN_DIRECT_OBJC_ISA_USAGE = YES_ERROR;
				CLANG_WARN_EMPTY_BODY = YES;
				CLANG_WARN_ENUM_CONVERSION = YES;
				CLANG_WARN_INT_CONVERSION = YES;
				CLANG_WARN_OBJC_ROOT_CLASS = YES_ERROR;
				CLANG_WARN_UNREACHABLE_CODE = YES;
				CLANG_WARN__DUPLICATE_METHOD_MATCH = YES;
				"CODE_SIGN_IDENTITY[sdk=iphoneos*]" = "iPhone Developer";
				COPY_PHASE_STRIP = NO;
				CustomAppBundleId = com.neusoft.czdomain.debug;
				CustomProductName = "测试版";
				DEBUG_INFORMATION_FORMAT = dwarf;
				ENABLE_STRICT_OBJC_MSGSEND = YES;
				ENABLE_TESTABILITY = YES;
				GCC_C_LANGUAGE_STANDARD = gnu99;
				GCC_DYNAMIC_NO_PIC = NO;
				GCC_NO_COMMON_BLOCKS = YES;
				GCC_OPTIMIZATION_LEVEL = 0;
				GCC_PREPROCESSOR_DEFINITIONS = (
					"DEVELOP=1",
					"$(inherited)",
				);
				GCC_WARN_64_TO_32_BIT_CONVERSION = YES;
				GCC_WARN_ABOUT_RETURN_TYPE = YES_ERROR;
				GCC_WARN_UNDECLARED_SELECTOR = YES;
				GCC_WARN_UNINITIALIZED_AUTOS = YES_AGGRESSIVE;
				GCC_WARN_UNUSED_FUNCTION = YES;
				GCC_WARN_UNUSED_VARIABLE = YES;
				IPHONEOS_DEPLOYMENT_TARGET = 9.3;
				MTL_ENABLE_DEBUG_INFO = YES;
				ONLY_ACTIVE_ARCH = YES;
				PRODUCT_BUNDLE_IDENTIFIER = com.neusoft.czdomain.debug;
				SDKROOT = iphoneos;
			};
			name = Debug;
		};
		8D67CAF81D597E36001E3BD4 /* Release */ = {
			isa = XCBuildConfiguration;
			buildSettings = {
				ALWAYS_SEARCH_USER_PATHS = NO;
				ASSETCATALOG_COMPILER_APPICON_NAME = AppIcon;
				CLANG_ANALYZER_NONNULL = YES;
				CLANG_CXX_LANGUAGE_STANDARD = "gnu++0x";
				CLANG_CXX_LIBRARY = "libc++";
				CLANG_ENABLE_MODULES = YES;
				CLANG_ENABLE_OBJC_ARC = YES;
				CLANG_WARN_BOOL_CONVERSION = YES;
				CLANG_WARN_CONSTANT_CONVERSION = YES;
				CLANG_WARN_DIRECT_OBJC_ISA_USAGE = YES_ERROR;
				CLANG_WARN_EMPTY_BODY = YES;
				CLANG_WARN_ENUM_CONVERSION = YES;
				CLANG_WARN_INT_CONVERSION = YES;
				CLANG_WARN_OBJC_ROOT_CLASS = YES_ERROR;
				CLANG_WARN_UNREACHABLE_CODE = YES;
				CLANG_WARN__DUPLICATE_METHOD_MATCH = YES;
				"CODE_SIGN_IDENTITY[sdk=iphoneos*]" = "iPhone Developer";
				COPY_PHASE_STRIP = NO;
				CustomAppBundleId = com.neusoft.czdomain.release;
				CustomProductName = "正式版";
				DEBUG_INFORMATION_FORMAT = "dwarf-with-dsym";
				ENABLE_NS_ASSERTIONS = NO;
				ENABLE_STRICT_OBJC_MSGSEND = YES;
				GCC_C_LANGUAGE_STANDARD = gnu99;
				GCC_NO_COMMON_BLOCKS = YES;
				GCC_PREPROCESSOR_DEFINITIONS = "PRODUTION=1";
				GCC_WARN_64_TO_32_BIT_CONVERSION = YES;
				GCC_WARN_ABOUT_RETURN_TYPE = YES_ERROR;
				GCC_WARN_UNDECLARED_SELECTOR = YES;
				GCC_WARN_UNINITIALIZED_AUTOS = YES_AGGRESSIVE;
				GCC_WARN_UNUSED_FUNCTION = YES;
				GCC_WARN_UNUSED_VARIABLE = YES;
				IPHONEOS_DEPLOYMENT_TARGET = 9.3;
				MTL_ENABLE_DEBUG_INFO = NO;
				PRODUCT_BUNDLE_IDENTIFIER = com.neusoft.czdomain.release;
				SDKROOT = iphoneos;
				VALIDATE_PRODUCT = YES;
			};
			name = Release;
		};
		8D67CAFA1D597E36001E3BD4 /* Debug */ = {
			isa = XCBuildConfiguration;
			baseConfigurationReference = 027501E5D634C9855A77E4DD /* Pods.debug.xcconfig */;
			buildSettings = {
				ASSETCATALOG_COMPILER_APPICON_NAME = AppIcon;
				GCC_PRECOMPILE_PREFIX_HEADER = YES;
				GCC_PREFIX_HEADER = "$(SRCROOT)/CZCommon/CZCommonPrefixHeader.pch";
				INFOPLIST_FILE = CZCommon/Info.plist;
				LD_RUNPATH_SEARCH_PATHS = "$(inherited) @executable_path/Frameworks";
				PRODUCT_BUNDLE_IDENTIFIER = com.neusoft.CZCommon;
				PRODUCT_NAME = "$(TARGET_NAME)";
			};
			name = Debug;
		};
		8D67CAFB1D597E36001E3BD4 /* Release */ = {
			isa = XCBuildConfiguration;
			baseConfigurationReference = FE0714667C046152A07A96C1 /* Pods.release.xcconfig */;
			buildSettings = {
				ASSETCATALOG_COMPILER_APPICON_NAME = AppIcon;
				GCC_PRECOMPILE_PREFIX_HEADER = YES;
				GCC_PREFIX_HEADER = "$(SRCROOT)/CZCommon/CZCommonPrefixHeader.pch";
				INFOPLIST_FILE = CZCommon/Info.plist;
				LD_RUNPATH_SEARCH_PATHS = "$(inherited) @executable_path/Frameworks";
				PRODUCT_BUNDLE_IDENTIFIER = com.neusoft.CZCommon;
				PRODUCT_NAME = "$(TARGET_NAME)";
			};
			name = Release;
		};
/* End XCBuildConfiguration section */

/* Begin XCConfigurationList section */
		8D67CADD1D597E36001E3BD4 /* Build configuration list for PBXProject "CZCommon" */ = {
			isa = XCConfigurationList;
			buildConfigurations = (
				8D67CAF71D597E36001E3BD4 /* Debug */,
				8D034CCC1D6294FD0002A1F7 /* UAT */,
				8D67CAF81D597E36001E3BD4 /* Release */,
			);
			defaultConfigurationIsVisible = 0;
			defaultConfigurationName = Release;
		};
		8D67CAF91D597E36001E3BD4 /* Build configuration list for PBXNativeTarget "CZCommon" */ = {
			isa = XCConfigurationList;
			buildConfigurations = (
				8D67CAFA1D597E36001E3BD4 /* Debug */,
				8D034CCD1D6294FD0002A1F7 /* UAT */,
				8D67CAFB1D597E36001E3BD4 /* Release */,
			);
			defaultConfigurationIsVisible = 0;
			defaultConfigurationName = Release;
		};
/* End XCConfigurationList section */
	};
	rootObject = 8D67CADA1D597E36001E3BD4 /* Project object */;
}
